github.com/alecthomas/participle/v2 v2.1.0 h1:z7dElHRrOEEq45F2TG5cbQihMtNTv8vwldytDj7Wrz4=
github.com/alecthomas/participle/v2 v2.1.0/go.mod h1:Y1+hAs8DHPmc3YUFzqllV+eSQ9ljPTk0ZkPMtEdAx2c=
github.com/google/go-cmp v0.6.0 h1:ofyhxvXcZhMsU5ulbFiLKl/XBFqE1GSq7atu8tAmTRI=
github.com/google/go-cmp v0.6.0/go.mod h1:17dUlkBOakJ0+DkrSSNjCkIjxS6bF9zb3elmeNGIjoY=
